
Microsoft Visual Studio Solution File, Format Version 12.00
# Visual Studio Version 16
VisualStudioVersion = 16.0.29709.97
MinimumVisualStudioVersion = 10.0.40219.1
Project("{FAE04EC0-301F-11D3-BF4B-00C04F79EFBC}") = "VentureForge", "VentureForge.csproj", "{197C8516-CB15-45FD-A6D1-24F67E1F427D}"
EndProject
Project("{9A19103F-16F7-4668-BE54-9A1E7A4F7556}") = "UnitTesting", "..\UnitTesting\UnitTesting.csproj", "{4E3285CB-BA49-45C1-9980-CE763BE118AA}"
EndProject
Project("{FAE04EC0-301F-11D3-BF4B-00C04F79EFBC}") = "VentureForgeBackEndTest", "..\VentureForgeBackEndTest\VentureForgeBackEndTest.csproj", "{8095F841-37D4-453B-9F93-8AC7660ABF98}"
EndProject
Global
	GlobalSection(SolutionConfigurationPlatforms) = preSolution
		Debug|Any CPU = Debug|Any CPU
		Release|Any CPU = Release|Any CPU
	EndGlobalSection
	GlobalSection(ProjectConfigurationPlatforms) = postSolution
		{197C8516-CB15-45FD-A6D1-24F67E1F427D}.Debug|Any CPU.ActiveCfg = Debug|Any CPU
		{197C8516-CB15-45FD-A6D1-24F67E1F427D}.Debug|Any CPU.Build.0 = Debug|Any CPU
		{197C8516-CB15-45FD-A6D1-24F67E1F427D}.Release|Any CPU.ActiveCfg = Release|Any CPU
		{197C8516-CB15-45FD-A6D1-24F67E1F427D}.Release|Any CPU.Build.0 = Release|Any CPU
		{4E3285CB-BA49-45C1-9980-CE763BE118AA}.Debug|Any CPU.ActiveCfg = Debug|Any CPU
		{4E3285CB-BA49-45C1-9980-CE763BE118AA}.Debug|Any CPU.Build.0 = Debug|Any CPU
		{4E3285CB-BA49-45C1-9980-CE763BE118AA}.Release|Any CPU.ActiveCfg = Release|Any CPU
		{4E3285CB-BA49-45C1-9980-CE763BE118AA}.Release|Any CPU.Build.0 = Release|Any CPU
		{8095F841-37D4-453B-9F93-8AC7660ABF98}.Debug|Any CPU.ActiveCfg = Debug|Any CPU
		{8095F841-37D4-453B-9F93-8AC7660ABF98}.Debug|Any CPU.Build.0 = Debug|Any CPU
		{8095F841-37D4-453B-9F93-8AC7660ABF98}.Release|Any CPU.ActiveCfg = Release|Any CPU
		{8095F841-37D4-453B-9F93-8AC7660ABF98}.Release|Any CPU.Build.0 = Release|Any CPU
	EndGlobalSection
	GlobalSection(SolutionProperties) = preSolution
		HideSolutionNode = FALSE
	EndGlobalSection
	GlobalSection(ExtensibilityGlobals) = postSolution
		SolutionGuid = {6D2022D9-B006-47F8-B9AF-153C6EFE11EE}
	EndGlobalSection
EndGlobal
