
Microsoft Visual Studio Solution File, Format Version 12.00
# Visual Studio Version 16
VisualStudioVersion = 16.0.29709.97
MinimumVisualStudioVersion = 10.0.40219.1
Project("{FAE04EC0-301F-11D3-BF4B-00C04F79EFBC}") = "VentureForgeBackEndTest", "VentureForgeBackEndTest.csproj", "{F14DFF25-16C6-4090-A60B-30248E277C2B}"
EndProject
Global
	GlobalSection(SolutionConfigurationPlatforms) = preSolution
		Debug|Any CPU = Debug|Any CPU
		Release|Any CPU = Release|Any CPU
	EndGlobalSection
	GlobalSection(ProjectConfigurationPlatforms) = postSolution
		{F14DFF25-16C6-4090-A60B-30248E277C2B}.Debug|Any CPU.ActiveCfg = Debug|Any CPU
		{F14DFF25-16C6-4090-A60B-30248E277C2B}.Debug|Any CPU.Build.0 = Debug|Any CPU
		{F14DFF25-16C6-4090-A60B-30248E277C2B}.Release|Any CPU.ActiveCfg = Release|Any CPU
		{F14DFF25-16C6-4090-A60B-30248E277C2B}.Release|Any CPU.Build.0 = Release|Any CPU
	EndGlobalSection
	GlobalSection(SolutionProperties) = preSolution
		HideSolutionNode = FALSE
	EndGlobalSection
	GlobalSection(ExtensibilityGlobals) = postSolution
		SolutionGuid = {91350433-9B80-4962-A65A-5E2E336C2201}
	EndGlobalSection
EndGlobal
